
Microsoft Visual Studio Solution File, Format Version 11.00
# Visual Studio 2010
Project("{FAE04EC0-301F-11D3-BF4B-00C04F79EFBC}") = "MainScreen", "MainScreen\MainScreen.csproj", "{19582E52-817B-410A-888E-F3967F9310C9}"
EndProject
Global
	GlobalSection(SolutionConfigurationPlatforms) = preSolution
		Debug|x86 = Debug|x86
		Release|x86 = Release|x86
	EndGlobalSection
	GlobalSection(ProjectConfigurationPlatforms) = postSolution
		{19582E52-817B-410A-888E-F3967F9310C9}.Debug|x86.ActiveCfg = Debug|x86
		{19582E52-817B-410A-888E-F3967F9310C9}.Debug|x86.Build.0 = Debug|x86
		{19582E52-817B-410A-888E-F3967F9310C9}.Release|x86.ActiveCfg = Release|x86
		{19582E52-817B-410A-888E-F3967F9310C9}.Release|x86.Build.0 = Release|x86
	EndGlobalSection
	GlobalSection(SolutionProperties) = preSolution
		HideSolutionNode = FALSE
	EndGlobalSection
EndGlobal
